// !$*UTF8*$!
{
	archiveVersion = 1;
	classes = {
	};
	objectVersion = 56;
	objects = {

/* Begin PBXBuildFile section */
		80922EEE299CBEC000EF442D /* K.swift in Sources */ = {isa = PBXBuildFile; fileRef = 80922EED299CBEC000EF442D /* K.swift */; };
		809506F6299CC4250060661A /* Message.swift in Sources */ = {isa = PBXBuildFile; fileRef = 809506F5299CC4250060661A /* Message.swift */; };
		809506FA299CCCBF0060661A /* MessageCell.swift in Sources */ = {isa = PBXBuildFile; fileRef = 809506F8299CCCBF0060661A /* MessageCell.swift */; };
		809506FB299CCCC00060661A /* MessageCell.xib in Resources */ = {isa = PBXBuildFile; fileRef = 809506F9299CCCBF0060661A /* MessageCell.xib */; };
		8097500A299BF1FD0078E5ED /* FirebaseAuth in Frameworks */ = {isa = PBXBuildFile; productRef = 80975009299BF1FD0078E5ED /* FirebaseAuth */; };
		8097500C299BF1FD0078E5ED /* FirebaseFirestore in Frameworks */ = {isa = PBXBuildFile; productRef = 8097500B299BF1FD0078E5ED /* FirebaseFirestore */; };
		8097500E299BF3100078E5ED /* GoogleService-Info.plist in Resources */ = {isa = PBXBuildFile; fileRef = 8097500D299BF30F0078E5ED /* GoogleService-Info.plist */; };
		80DDF71B299B58FD0030AD2C /* ChatViewController.swift in Sources */ = {isa = PBXBuildFile; fileRef = 80DDF71A299B58FD0030AD2C /* ChatViewController.swift */; };
		ED55DB082997601A00C15127 /* RegisterViewController.swift in Sources */ = {isa = PBXBuildFile; fileRef = ED55DB072997601A00C15127 /* RegisterViewController.swift */; };
		ED55DB0A2997608100C15127 /* LoginViewController.swift in Sources */ = {isa = PBXBuildFile; fileRef = ED55DB092997608100C15127 /* LoginViewController.swift */; };
		EDE038B629975C0B0035C121 /* AppDelegate.swift in Sources */ = {isa = PBXBuildFile; fileRef = EDE038B529975C0B0035C121 /* AppDelegate.swift */; };
		EDE038B829975C0B0035C121 /* SceneDelegate.swift in Sources */ = {isa = PBXBuildFile; fileRef = EDE038B729975C0B0035C121 /* SceneDelegate.swift */; };
		EDE038BA29975C0B0035C121 /* WelcomeViewController.swift in Sources */ = {isa = PBXBuildFile; fileRef = EDE038B929975C0B0035C121 /* WelcomeViewController.swift */; };
		EDE038BD29975C0B0035C121 /* Main.storyboard in Resources */ = {isa = PBXBuildFile; fileRef = EDE038BB29975C0B0035C121 /* Main.storyboard */; };
		EDE038BF29975C0D0035C121 /* Assets.xcassets in Resources */ = {isa = PBXBuildFile; fileRef = EDE038BE29975C0D0035C121 /* Assets.xcassets */; };
		EDE038C229975C0D0035C121 /* LaunchScreen.storyboard in Resources */ = {isa = PBXBuildFile; fileRef = EDE038C029975C0D0035C121 /* LaunchScreen.storyboard */; };
/* End PBXBuildFile section */

/* Begin PBXFileReference section */
		80922EED299CBEC000EF442D /* K.swift */ = {isa = PBXFileReference; lastKnownFileType = sourcecode.swift; path = K.swift; sourceTree = "<group>"; };
		809506F5299CC4250060661A /* Message.swift */ = {isa = PBXFileReference; lastKnownFileType = sourcecode.swift; path = Message.swift; sourceTree = "<group>"; };
		809506F8299CCCBF0060661A /* MessageCell.swift */ = {isa = PBXFileReference; lastKnownFileType = sourcecode.swift; path = MessageCell.swift; sourceTree = "<group>"; };
		809506F9299CCCBF0060661A /* MessageCell.xib */ = {isa = PBXFileReference; lastKnownFileType = file.xib; path = MessageCell.xib; sourceTree = "<group>"; };
		8097500D299BF30F0078E5ED /* GoogleService-Info.plist */ = {isa = PBXFileReference; fileEncoding = 4; lastKnownFileType = text.plist.xml; path = "GoogleService-Info.plist"; sourceTree = "<group>"; };
		80DDF71A299B58FD0030AD2C /* ChatViewController.swift */ = {isa = PBXFileReference; lastKnownFileType = sourcecode.swift; path = ChatViewController.swift; sourceTree = "<group>"; };
		ED55DB072997601A00C15127 /* RegisterViewController.swift */ = {isa = PBXFileReference; lastKnownFileType = sourcecode.swift; path = RegisterViewController.swift; sourceTree = "<group>"; };
		ED55DB092997608100C15127 /* LoginViewController.swift */ = {isa = PBXFileReference; lastKnownFileType = sourcecode.swift; path = LoginViewController.swift; sourceTree = "<group>"; };
		EDE038B229975C0B0035C121 /* FlashChat.app */ = {isa = PBXFileReference; explicitFileType = wrapper.application; includeInIndex = 0; path = FlashChat.app; sourceTree = BUILT_PRODUCTS_DIR; };
		EDE038B529975C0B0035C121 /* AppDelegate.swift */ = {isa = PBXFileReference; lastKnownFileType = sourcecode.swift; path = AppDelegate.swift; sourceTree = "<group>"; };
		EDE038B729975C0B0035C121 /* SceneDelegate.swift */ = {isa = PBXFileReference; lastKnownFileType = sourcecode.swift; path = SceneDelegate.swift; sourceTree = "<group>"; };
		EDE038B929975C0B0035C121 /* WelcomeViewController.swift */ = {isa = PBXFileReference; lastKnownFileType = sourcecode.swift; path = WelcomeViewController.swift; sourceTree = "<group>"; };
		EDE038BC29975C0B0035C121 /* Base */ = {isa = PBXFileReference; lastKnownFileType = file.storyboard; name = Base; path = Base.lproj/Main.storyboard; sourceTree = "<group>"; };
		EDE038BE29975C0D0035C121 /* Assets.xcassets */ = {isa = PBXFileReference; lastKnownFileType = folder.assetcatalog; path = Assets.xcassets; sourceTree = "<group>"; };
		EDE038C129975C0D0035C121 /* Base */ = {isa = PBXFileReference; lastKnownFileType = file.storyboard; name = Base; path = Base.lproj/LaunchScreen.storyboard; sourceTree = "<group>"; };
		EDE038C329975C0D0035C121 /* Info.plist */ = {isa = PBXFileReference; lastKnownFileType = text.plist.xml; path = Info.plist; sourceTree = "<group>"; };
/* End PBXFileReference section */

/* Begin PBXFrameworksBuildPhase section */
		EDE038AF29975C0B0035C121 /* Frameworks */ = {
			isa = PBXFrameworksBuildPhase;
			buildActionMask = 2147483647;
			files = (
				8097500A299BF1FD0078E5ED /* FirebaseAuth in Frameworks */,
				8097500C299BF1FD0078E5ED /* FirebaseFirestore in Frameworks */,
			);
			runOnlyForDeploymentPostprocessing = 0;
		};
/* End PBXFrameworksBuildPhase section */

/* Begin PBXGroup section */
		80922EEC299CBE1200EF442D /* Controllers */ = {
			isa = PBXGroup;
			children = (
				EDE038B929975C0B0035C121 /* WelcomeViewController.swift */,
				ED55DB072997601A00C15127 /* RegisterViewController.swift */,
				ED55DB092997608100C15127 /* LoginViewController.swift */,
				80DDF71A299B58FD0030AD2C /* ChatViewController.swift */,
			);
			path = Controllers;
			sourceTree = "<group>";
		};
		809506F4299CC3F60060661A /* Models */ = {
			isa = PBXGroup;
			children = (
				809506F5299CC4250060661A /* Message.swift */,
			);
			path = Models;
			sourceTree = "<group>";
		};
		809506F7299CCC880060661A /* Views */ = {
			isa = PBXGroup;
			children = (
				EDE038BB29975C0B0035C121 /* Main.storyboard */,
				809506F8299CCCBF0060661A /* MessageCell.swift */,
				809506F9299CCCBF0060661A /* MessageCell.xib */,
			);
			path = Views;
			sourceTree = "<group>";
		};
		EDE038A929975C0B0035C121 = {
			isa = PBXGroup;
			children = (
				EDE038B429975C0B0035C121 /* FlashChat */,
				EDE038B329975C0B0035C121 /* Products */,
			);
			sourceTree = "<group>";
		};
		EDE038B329975C0B0035C121 /* Products */ = {
			isa = PBXGroup;
			children = (
				EDE038B229975C0B0035C121 /* FlashChat.app */,
			);
			name = Products;
			sourceTree = "<group>";
		};
		EDE038B429975C0B0035C121 /* FlashChat */ = {
			isa = PBXGroup;
			children = (
				EDE038B529975C0B0035C121 /* AppDelegate.swift */,
				EDE038B729975C0B0035C121 /* SceneDelegate.swift */,
				80922EED299CBEC000EF442D /* K.swift */,
				809506F4299CC3F60060661A /* Models */,
				80922EEC299CBE1200EF442D /* Controllers */,
				809506F7299CCC880060661A /* Views */,
				EDE038BE29975C0D0035C121 /* Assets.xcassets */,
				EDE038C029975C0D0035C121 /* LaunchScreen.storyboard */,
				EDE038C329975C0D0035C121 /* Info.plist */,
				8097500D299BF30F0078E5ED /* GoogleService-Info.plist */,
			);
			path = FlashChat;
			sourceTree = "<group>";
		};
/* End PBXGroup section */

/* Begin PBXNativeTarget section */
		EDE038B129975C0B0035C121 /* FlashChat */ = {
			isa = PBXNativeTarget;
			buildConfigurationList = EDE038C629975C0D0035C121 /* Build configuration list for PBXNativeTarget "FlashChat" */;
			buildPhases = (
				EDE038AE29975C0B0035C121 /* Sources */,
				EDE038AF29975C0B0035C121 /* Frameworks */,
				EDE038B029975C0B0035C121 /* Resources */,
			);
			buildRules = (
			);
			dependencies = (
			);
			name = FlashChat;
			packageProductDependencies = (
				80975009299BF1FD0078E5ED /* FirebaseAuth */,
				8097500B299BF1FD0078E5ED /* FirebaseFirestore */,
			);
			productName = FlashChat;
			productReference = EDE038B229975C0B0035C121 /* FlashChat.app */;
			productType = "com.apple.product-type.application";
		};
/* End PBXNativeTarget section */

/* Begin PBXProject section */
		EDE038AA29975C0B0035C121 /* Project object */ = {
			isa = PBXProject;
			attributes = {
				BuildIndependentTargetsInParallel = 1;
				LastSwiftUpdateCheck = 1420;
				LastUpgradeCheck = 1420;
				TargetAttributes = {
					EDE038B129975C0B0035C121 = {
						CreatedOnToolsVersion = 14.2;
					};
				};
			};
			buildConfigurationList = EDE038AD29975C0B0035C121 /* Build configuration list for PBXProject "FlashChat" */;
			compatibilityVersion = "Xcode 14.0";
			developmentRegion = en;
			hasScannedForEncodings = 0;
			knownRegions = (
				en,
				Base,
			);
			mainGroup = EDE038A929975C0B0035C121;
			packageReferences = (
				80975008299BF1FD0078E5ED /* XCRemoteSwiftPackageReference "firebase-ios-sdk" */,
			);
			productRefGroup = EDE038B329975C0B0035C121 /* Products */;
			projectDirPath = "";
			projectRoot = "";
			targets = (
				EDE038B129975C0B0035C121 /* FlashChat */,
			);
		};
/* End PBXProject section */

/* Begin PBXResourcesBuildPhase section */
		EDE038B029975C0B0035C121 /* Resources */ = {
			isa = PBXResourcesBuildPhase;
			buildActionMask = 2147483647;
			files = (
				809506FB299CCCC00060661A /* MessageCell.xib in Resources */,
				EDE038C229975C0D0035C121 /* LaunchScreen.storyboard in Resources */,
				8097500E299BF3100078E5ED /* GoogleService-Info.plist in Resources */,
				EDE038BF29975C0D0035C121 /* Assets.xcassets in Resources */,
				EDE038BD29975C0B0035C121 /* Main.storyboard in Resources */,
			);
			runOnlyForDeploymentPostprocessing = 0;
		};
/* End PBXResourcesBuildPhase section */

/* Begin PBXSourcesBuildPhase section */
		EDE038AE29975C0B0035C121 /* Sources */ = {
			isa = PBXSourcesBuildPhase;
			buildActionMask = 2147483647;
			files = (
				EDE038BA29975C0B0035C121 /* WelcomeViewController.swift in Sources */,
				EDE038B629975C0B0035C121 /* AppDelegate.swift in Sources */,
				EDE038B829975C0B0035C121 /* SceneDelegate.swift in Sources */,
				ED55DB0A2997608100C15127 /* LoginViewController.swift in Sources */,
				80922EEE299CBEC000EF442D /* K.swift in Sources */,
				809506F6299CC4250060661A /* Message.swift in Sources */,
				80DDF71B299B58FD0030AD2C /* ChatViewController.swift in Sources */,
				ED55DB082997601A00C15127 /* RegisterViewController.swift in Sources */,
				809506FA299CCCBF0060661A /* MessageCell.swift in Sources */,
			);
			runOnlyForDeploymentPostprocessing = 0;
		};
/* End PBXSourcesBuildPhase section */

/* Begin PBXVariantGroup section */
		EDE038BB29975C0B0035C121 /* Main.storyboard */ = {
			isa = PBXVariantGroup;
			children = (
				EDE038BC29975C0B0035C121 /* Base */,
			);
			name = Main.storyboard;
			sourceTree = "<group>";
		};
		EDE038C029975C0D0035C121 /* LaunchScreen.storyboard */ = {
			isa = PBXVariantGroup;
			children = (
				EDE038C129975C0D0035C121 /* Base */,
			);
			name = LaunchScreen.storyboard;
			sourceTree = "<group>";
		};
/* End PBXVariantGroup section */

/* Begin XCBuildConfiguration section */
		EDE038C429975C0D0035C121 /* Debug */ = {
			isa = XCBuildConfiguration;
			buildSettings = {
				ALWAYS_SEARCH_USER_PATHS = NO;
				CLANG_ANALYZER_NONNULL = YES;
				CLANG_ANALYZER_NUMBER_OBJECT_CONVERSION = YES_AGGRESSIVE;
				CLANG_CXX_LANGUAGE_STANDARD = "gnu++20";
				CLANG_ENABLE_MODULES = YES;
				CLANG_ENABLE_OBJC_ARC = YES;
				CLANG_ENABLE_OBJC_WEAK = YES;
				CLANG_WARN_BLOCK_CAPTURE_AUTORELEASING = YES;
				CLANG_WARN_BOOL_CONVERSION = YES;
				CLANG_WARN_COMMA = YES;
				CLANG_WARN_CONSTANT_CONVERSION = YES;
				CLANG_WARN_DEPRECATED_OBJC_IMPLEMENTATIONS = YES;
				CLANG_WARN_DIRECT_OBJC_ISA_USAGE = YES_ERROR;
				CLANG_WARN_DOCUMENTATION_COMMENTS = YES;
				CLANG_WARN_EMPTY_BODY = YES;
				CLANG_WARN_ENUM_CONVERSION = YES;
				CLANG_WARN_INFINITE_RECURSION = YES;
				CLANG_WARN_INT_CONVERSION = YES;
				CLANG_WARN_NON_LITERAL_NULL_CONVERSION = YES;
				CLANG_WARN_OBJC_IMPLICIT_RETAIN_SELF = YES;
				CLANG_WARN_OBJC_LITERAL_CONVERSION = YES;
				CLANG_WARN_OBJC_ROOT_CLASS = YES_ERROR;
				CLANG_WARN_QUOTED_INCLUDE_IN_FRAMEWORK_HEADER = YES;
				CLANG_WARN_RANGE_LOOP_ANALYSIS = YES;
				CLANG_WARN_STRICT_PROTOTYPES = YES;
				CLANG_WARN_SUSPICIOUS_MOVE = YES;
				CLANG_WARN_UNGUARDED_AVAILABILITY = YES_AGGRESSIVE;
				CLANG_WARN_UNREACHABLE_CODE = YES;
				CLANG_WARN__DUPLICATE_METHOD_MATCH = YES;
				COPY_PHASE_STRIP = NO;
				DEBUG_INFORMATION_FORMAT = dwarf;
				ENABLE_STRICT_OBJC_MSGSEND = YES;
				ENABLE_TESTABILITY = YES;
				GCC_C_LANGUAGE_STANDARD = gnu11;
				GCC_DYNAMIC_NO_PIC = NO;
				GCC_NO_COMMON_BLOCKS = YES;
				GCC_OPTIMIZATION_LEVEL = 0;
				GCC_PREPROCESSOR_DEFINITIONS = (
					"DEBUG=1",
					"$(inherited)",
				);
				GCC_WARN_64_TO_32_BIT_CONVERSION = YES;
				GCC_WARN_ABOUT_RETURN_TYPE = YES_ERROR;
				GCC_WARN_UNDECLARED_SELECTOR = YES;
				GCC_WARN_UNINITIALIZED_AUTOS = YES_AGGRESSIVE;
				GCC_WARN_UNUSED_FUNCTION = YES;
				GCC_WARN_UNUSED_VARIABLE = YES;
				IPHONEOS_DEPLOYMENT_TARGET = 16.2;
				MTL_ENABLE_DEBUG_INFO = INCLUDE_SOURCE;
				MTL_FAST_MATH = YES;
				ONLY_ACTIVE_ARCH = YES;
				SDKROOT = iphoneos;
				SWIFT_ACTIVE_COMPILATION_CONDITIONS = DEBUG;
				SWIFT_OPTIMIZATION_LEVEL = "-Onone";
			};
			name = Debug;
		};
		EDE038C529975C0D0035C121 /* Release */ = {
			isa = XCBuildConfiguration;
			buildSettings = {
				ALWAYS_SEARCH_USER_PATHS = NO;
				CLANG_ANALYZER_NONNULL = YES;
				CLANG_ANALYZER_NUMBER_OBJECT_CONVERSION = YES_AGGRESSIVE;
				CLANG_CXX_LANGUAGE_STANDARD = "gnu++20";
				CLANG_ENABLE_MODULES = YES;
				CLANG_ENABLE_OBJC_ARC = YES;
				CLANG_ENABLE_OBJC_WEAK = YES;
				CLANG_WARN_BLOCK_CAPTURE_AUTORELEASING = YES;
				CLANG_WARN_BOOL_CONVERSION = YES;
				CLANG_WARN_COMMA = YES;
				CLANG_WARN_CONSTANT_CONVERSION = YES;
				CLANG_WARN_DEPRECATED_OBJC_IMPLEMENTATIONS = YES;
				CLANG_WARN_DIRECT_OBJC_ISA_USAGE = YES_ERROR;
				CLANG_WARN_DOCUMENTATION_COMMENTS = YES;
				CLANG_WARN_EMPTY_BODY = YES;
				CLANG_WARN_ENUM_CONVERSION = YES;
				CLANG_WARN_INFINITE_RECURSION = YES;
				CLANG_WARN_INT_CONVERSION = YES;
				CLANG_WARN_NON_LITERAL_NULL_CONVERSION = YES;
				CLANG_WARN_OBJC_IMPLICIT_RETAIN_SELF = YES;
				CLANG_WARN_OBJC_LITERAL_CONVERSION = YES;
				CLANG_WARN_OBJC_ROOT_CLASS = YES_ERROR;
				CLANG_WARN_QUOTED_INCLUDE_IN_FRAMEWORK_HEADER = YES;
				CLANG_WARN_RANGE_LOOP_ANALYSIS = YES;
				CLANG_WARN_STRICT_PROTOTYPES = YES;
				CLANG_WARN_SUSPICIOUS_MOVE = YES;
				CLANG_WARN_UNGUARDED_AVAILABILITY = YES_AGGRESSIVE;
				CLANG_WARN_UNREACHABLE_CODE = YES;
				CLANG_WARN__DUPLICATE_METHOD_MATCH = YES;
				COPY_PHASE_STRIP = NO;
				DEBUG_INFORMATION_FORMAT = "dwarf-with-dsym";
				ENABLE_NS_ASSERTIONS = NO;
				ENABLE_STRICT_OBJC_MSGSEND = YES;
				GCC_C_LANGUAGE_STANDARD = gnu11;
				GCC_NO_COMMON_BLOCKS = YES;
				GCC_WARN_64_TO_32_BIT_CONVERSION = YES;
				GCC_WARN_ABOUT_RETURN_TYPE = YES_ERROR;
				GCC_WARN_UNDECLARED_SELECTOR = YES;
				GCC_WARN_UNINITIALIZED_AUTOS = YES_AGGRESSIVE;
				GCC_WARN_UNUSED_FUNCTION = YES;
				GCC_WARN_UNUSED_VARIABLE = YES;
				IPHONEOS_DEPLOYMENT_TARGET = 16.2;
				MTL_ENABLE_DEBUG_INFO = NO;
				MTL_FAST_MATH = YES;
				SDKROOT = iphoneos;
				SWIFT_COMPILATION_MODE = wholemodule;
				SWIFT_OPTIMIZATION_LEVEL = "-O";
				VALIDATE_PRODUCT = YES;
			};
			name = Release;
		};
		EDE038C729975C0D0035C121 /* Debug */ = {
			isa = XCBuildConfiguration;
			buildSettings = {
				ASSETCATALOG_COMPILER_APPICON_NAME = AppIcon;
				ASSETCATALOG_COMPILER_GLOBAL_ACCENT_COLOR_NAME = AccentColor;
				CODE_SIGN_STYLE = Automatic;
				CURRENT_PROJECT_VERSION = 1;
				DEVELOPMENT_TEAM = 7VP863SW97;
				GENERATE_INFOPLIST_FILE = YES;
				INFOPLIST_FILE = FlashChat/Info.plist;
				INFOPLIST_KEY_UIApplicationSupportsIndirectInputEvents = YES;
				INFOPLIST_KEY_UILaunchStoryboardName = LaunchScreen;
				INFOPLIST_KEY_UIMainStoryboardFile = Main;
				INFOPLIST_KEY_UISupportedInterfaceOrientations_iPad = "UIInterfaceOrientationPortrait UIInterfaceOrientationPortraitUpsideDown UIInterfaceOrientationLandscapeLeft UIInterfaceOrientationLandscapeRight";
				INFOPLIST_KEY_UISupportedInterfaceOrientations_iPhone = "UIInterfaceOrientationPortrait UIInterfaceOrientationLandscapeLeft UIInterfaceOrientationLandscapeRight";
				IPHONEOS_DEPLOYMENT_TARGET = 13.0;
				LD_RUNPATH_SEARCH_PATHS = (
					"$(inherited)",
					"@executable_path/Frameworks",
				);
				MARKETING_VERSION = 1.0;
				PRODUCT_BUNDLE_IDENTIFIER = co.bektemur.FlashChat;
				PRODUCT_NAME = "$(TARGET_NAME)";
				SWIFT_EMIT_LOC_STRINGS = YES;
				SWIFT_VERSION = 5.0;
				TARGETED_DEVICE_FAMILY = "1,2";
			};
			name = Debug;
		};
		EDE038C829975C0D0035C121 /* Release */ = {
			isa = XCBuildConfiguration;
			buildSettings = {
				ASSETCATALOG_COMPILER_APPICON_NAME = AppIcon;
				ASSETCATALOG_COMPILER_GLOBAL_ACCENT_COLOR_NAME = AccentColor;
				CODE_SIGN_STYLE = Automatic;
				CURRENT_PROJECT_VERSION = 1;
				DEVELOPMENT_TEAM = 7VP863SW97;
				GENERATE_INFOPLIST_FILE = YES;
				INFOPLIST_FILE = FlashChat/Info.plist;
				INFOPLIST_KEY_UIApplicationSupportsIndirectInputEvents = YES;
				INFOPLIST_KEY_UILaunchStoryboardName = LaunchScreen;
				INFOPLIST_KEY_UIMainStoryboardFile = Main;
				INFOPLIST_KEY_UISupportedInterfaceOrientations_iPad = "UIInterfaceOrientationPortrait UIInterfaceOrientationPortraitUpsideDown UIInterfaceOrientationLandscapeLeft UIInterfaceOrientationLandscapeRight";
				INFOPLIST_KEY_UISupportedInterfaceOrientations_iPhone = "UIInterfaceOrientationPortrait UIInterfaceOrientationLandscapeLeft UIInterfaceOrientationLandscapeRight";
				IPHONEOS_DEPLOYMENT_TARGET = 13.0;
				LD_RUNPATH_SEARCH_PATHS = (
					"$(inherited)",
					"@executable_path/Frameworks",
				);
				MARKETING_VERSION = 1.0;
				PRODUCT_BUNDLE_IDENTIFIER = co.bektemur.FlashChat;
				PRODUCT_NAME = "$(TARGET_NAME)";
				SWIFT_EMIT_LOC_STRINGS = YES;
				SWIFT_VERSION = 5.0;
				TARGETED_DEVICE_FAMILY = "1,2";
			};
			name = Release;
		};
/* End XCBuildConfiguration section */

/* Begin XCConfigurationList section */
		EDE038AD29975C0B0035C121 /* Build configuration list for PBXProject "FlashChat" */ = {
			isa = XCConfigurationList;
			buildConfigurations = (
				EDE038C429975C0D0035C121 /* Debug */,
				EDE038C529975C0D0035C121 /* Release */,
			);
			defaultConfigurationIsVisible = 0;
			defaultConfigurationName = Release;
		};
		EDE038C629975C0D0035C121 /* Build configuration list for PBXNativeTarget "FlashChat" */ = {
			isa = XCConfigurationList;
			buildConfigurations = (
				EDE038C729975C0D0035C121 /* Debug */,
				EDE038C829975C0D0035C121 /* Release */,
			);
			defaultConfigurationIsVisible = 0;
			defaultConfigurationName = Release;
		};
/* End XCConfigurationList section */

/* Begin XCRemoteSwiftPackageReference section */
		80975008299BF1FD0078E5ED /* XCRemoteSwiftPackageReference "firebase-ios-sdk" */ = {
			isa = XCRemoteSwiftPackageReference;
			repositoryURL = "https://github.com/firebase/firebase-ios-sdk";
			requirement = {
				kind = upToNextMajorVersion;
				minimumVersion = 9.0.0;
			};
		};
/* End XCRemoteSwiftPackageReference section */

/* Begin XCSwiftPackageProductDependency section */
		80975009299BF1FD0078E5ED /* FirebaseAuth */ = {
			isa = XCSwiftPackageProductDependency;
			package = 80975008299BF1FD0078E5ED /* XCRemoteSwiftPackageReference "firebase-ios-sdk" */;
			productName = FirebaseAuth;
		};
		8097500B299BF1FD0078E5ED /* FirebaseFirestore */ = {
			isa = XCSwiftPackageProductDependency;
			package = 80975008299BF1FD0078E5ED /* XCRemoteSwiftPackageReference "firebase-ios-sdk" */;
			productName = FirebaseFirestore;
		};
/* End XCSwiftPackageProductDependency section */
	};
	rootObject = EDE038AA29975C0B0035C121 /* Project object */;
}
